
Microsoft Visual Studio Solution File, Format Version 12.00
# Visual Studio Version 16
VisualStudioVersion = 16.0.31729.503
MinimumVisualStudioVersion = 10.0.40219.1
Project("{FAE04EC0-301F-11D3-BF4B-00C04F79EFBC}") = "Webgentle.BookStore", "Webgentle.BookStore\Webgentle.BookStore.csproj", "{AD5EA1E6-6C7B-4A9B-9B42-14B2931DAB99}"
EndProject
Global
	GlobalSection(SolutionConfigurationPlatforms) = preSolution
		Debug|Any CPU = Debug|Any CPU
		Release|Any CPU = Release|Any CPU
	EndGlobalSection
	GlobalSection(ProjectConfigurationPlatforms) = postSolution
		{AD5EA1E6-6C7B-4A9B-9B42-14B2931DAB99}.Debug|Any CPU.ActiveCfg = Debug|Any CPU
		{AD5EA1E6-6C7B-4A9B-9B42-14B2931DAB99}.Debug|Any CPU.Build.0 = Debug|Any CPU
		{AD5EA1E6-6C7B-4A9B-9B42-14B2931DAB99}.Release|Any CPU.ActiveCfg = Release|Any CPU
		{AD5EA1E6-6C7B-4A9B-9B42-14B2931DAB99}.Release|Any CPU.Build.0 = Release|Any CPU
	EndGlobalSection
	GlobalSection(SolutionProperties) = preSolution
		HideSolutionNode = FALSE
	EndGlobalSection
	GlobalSection(ExtensibilityGlobals) = postSolution
		SolutionGuid = {5C877818-2A1E-4F7D-B28F-599479E29984}
	EndGlobalSection
EndGlobal
